// !$*UTF8*$!
{
	archiveVersion = 1;
	classes = {
	};
	objectVersion = 55;
	objects = {

/* Begin PBXBuildFile section */
		5623D4C32831EA66006C7B19 /* GoogleService-Info.plist in Resources */ = {isa = PBXBuildFile; fileRef = 5623D4C22831EA66006C7B19 /* GoogleService-Info.plist */; };
		5623D4C62831EB62006C7B19 /* FirebaseAnalytics in Frameworks */ = {isa = PBXBuildFile; productRef = 5623D4C52831EB62006C7B19 /* FirebaseAnalytics */; };
		5623D4C82831EB62006C7B19 /* FirebaseAuth in Frameworks */ = {isa = PBXBuildFile; productRef = 5623D4C72831EB62006C7B19 /* FirebaseAuth */; };
		5623D4CA2831EB62006C7B19 /* FirebaseFirestore in Frameworks */ = {isa = PBXBuildFile; productRef = 5623D4C92831EB62006C7B19 /* FirebaseFirestore */; };
		5623D4CD2831F0DA006C7B19 /* SideMenu in Frameworks */ = {isa = PBXBuildFile; productRef = 5623D4CC2831F0DA006C7B19 /* SideMenu */; };
		5623D4CF2831FE59006C7B19 /* TripsSideNavViewController.swift in Sources */ = {isa = PBXBuildFile; fileRef = 5623D4CE2831FE59006C7B19 /* TripsSideNavViewController.swift */; };
		5632484D28329E290057412A /* AuthManager.swift in Sources */ = {isa = PBXBuildFile; fileRef = 5632484C28329E290057412A /* AuthManager.swift */; };
		5632484F2832A5D30057412A /* UserDocumentManager.swift in Sources */ = {isa = PBXBuildFile; fileRef = 5632484E2832A5D30057412A /* UserDocumentManager.swift */; };
		563248512832A9020057412A /* TripsCollectionManager.swift in Sources */ = {isa = PBXBuildFile; fileRef = 563248502832A9020057412A /* TripsCollectionManager.swift */; };
		563248532832AAAE0057412A /* ModelObjects.swift in Sources */ = {isa = PBXBuildFile; fileRef = 563248522832AAAE0057412A /* ModelObjects.swift */; };
		563CEAC2282ED62E00E250AF /* AppDelegate.swift in Sources */ = {isa = PBXBuildFile; fileRef = 563CEAC1282ED62E00E250AF /* AppDelegate.swift */; };
		563CEAC4282ED62E00E250AF /* SceneDelegate.swift in Sources */ = {isa = PBXBuildFile; fileRef = 563CEAC3282ED62E00E250AF /* SceneDelegate.swift */; };
		563CEAC6282ED62E00E250AF /* WelcomeViewController.swift in Sources */ = {isa = PBXBuildFile; fileRef = 563CEAC5282ED62E00E250AF /* WelcomeViewController.swift */; };
		563CEAC9282ED62E00E250AF /* Main.storyboard in Resources */ = {isa = PBXBuildFile; fileRef = 563CEAC7282ED62E00E250AF /* Main.storyboard */; };
		563CEACB282ED63100E250AF /* Assets.xcassets in Resources */ = {isa = PBXBuildFile; fileRef = 563CEACA282ED63100E250AF /* Assets.xcassets */; };
		563CEACE282ED63100E250AF /* LaunchScreen.storyboard in Resources */ = {isa = PBXBuildFile; fileRef = 563CEACC282ED63100E250AF /* LaunchScreen.storyboard */; };
		563CEAD7282F5F1700E250AF /* LogInViewController.swift in Sources */ = {isa = PBXBuildFile; fileRef = 563CEAD6282F5F1700E250AF /* LogInViewController.swift */; };
		563CEADA282F5F4900E250AF /* RegisterViewController.swift in Sources */ = {isa = PBXBuildFile; fileRef = 563CEAD9282F5F4900E250AF /* RegisterViewController.swift */; };
		563CEADC282F5F5F00E250AF /* Constants.swift in Sources */ = {isa = PBXBuildFile; fileRef = 563CEADB282F5F5F00E250AF /* Constants.swift */; };
		563CEADE282F63BC00E250AF /* TripsTableViewController.swift in Sources */ = {isa = PBXBuildFile; fileRef = 563CEADD282F63BC00E250AF /* TripsTableViewController.swift */; };
		565E745E2834210C00BAB0D0 /* UserCollectionManager.swift in Sources */ = {isa = PBXBuildFile; fileRef = 565E745D2834210C00BAB0D0 /* UserCollectionManager.swift */; };
		567742B128353C88003EBBC9 /* ProfileViewController.swift in Sources */ = {isa = PBXBuildFile; fileRef = 567742B028353C88003EBBC9 /* ProfileViewController.swift */; };
		567742B3283550AA003EBBC9 /* AddTripViewController.swift in Sources */ = {isa = PBXBuildFile; fileRef = 567742B2283550AA003EBBC9 /* AddTripViewController.swift */; };
		567742B5283550C3003EBBC9 /* MyTripTableViewController.swift in Sources */ = {isa = PBXBuildFile; fileRef = 567742B4283550C3003EBBC9 /* MyTripTableViewController.swift */; };
		567742B728359C60003EBBC9 /* TripDetailViewController.swift in Sources */ = {isa = PBXBuildFile; fileRef = 567742B628359C60003EBBC9 /* TripDetailViewController.swift */; };
		567742B92835D8C0003EBBC9 /* TripDocumentManager.swift in Sources */ = {isa = PBXBuildFile; fileRef = 567742B82835D8C0003EBBC9 /* TripDocumentManager.swift */; };
		567742BB2835E955003EBBC9 /* RequestCollectionManager.swift in Sources */ = {isa = PBXBuildFile; fileRef = 567742BA2835E955003EBBC9 /* RequestCollectionManager.swift */; };
		567742BD2835F659003EBBC9 /* RequestTableViewController.swift in Sources */ = {isa = PBXBuildFile; fileRef = 567742BC2835F659003EBBC9 /* RequestTableViewController.swift */; };
/* End PBXBuildFile section */

/* Begin PBXFileReference section */
		5623D4C22831EA66006C7B19 /* GoogleService-Info.plist */ = {isa = PBXFileReference; fileEncoding = 4; lastKnownFileType = text.plist.xml; path = "GoogleService-Info.plist"; sourceTree = "<group>"; };
		5623D4CE2831FE59006C7B19 /* TripsSideNavViewController.swift */ = {isa = PBXFileReference; lastKnownFileType = sourcecode.swift; path = TripsSideNavViewController.swift; sourceTree = "<group>"; };
		5632484C28329E290057412A /* AuthManager.swift */ = {isa = PBXFileReference; lastKnownFileType = sourcecode.swift; path = AuthManager.swift; sourceTree = "<group>"; };
		5632484E2832A5D30057412A /* UserDocumentManager.swift */ = {isa = PBXFileReference; lastKnownFileType = sourcecode.swift; path = UserDocumentManager.swift; sourceTree = "<group>"; };
		563248502832A9020057412A /* TripsCollectionManager.swift */ = {isa = PBXFileReference; lastKnownFileType = sourcecode.swift; path = TripsCollectionManager.swift; sourceTree = "<group>"; };
		563248522832AAAE0057412A /* ModelObjects.swift */ = {isa = PBXFileReference; lastKnownFileType = sourcecode.swift; path = ModelObjects.swift; sourceTree = "<group>"; };
		563CEABE282ED62E00E250AF /* SharedRide.app */ = {isa = PBXFileReference; explicitFileType = wrapper.application; includeInIndex = 0; path = SharedRide.app; sourceTree = BUILT_PRODUCTS_DIR; };
		563CEAC1282ED62E00E250AF /* AppDelegate.swift */ = {isa = PBXFileReference; lastKnownFileType = sourcecode.swift; path = AppDelegate.swift; sourceTree = "<group>"; };
		563CEAC3282ED62E00E250AF /* SceneDelegate.swift */ = {isa = PBXFileReference; lastKnownFileType = sourcecode.swift; path = SceneDelegate.swift; sourceTree = "<group>"; };
		563CEAC5282ED62E00E250AF /* WelcomeViewController.swift */ = {isa = PBXFileReference; lastKnownFileType = sourcecode.swift; path = WelcomeViewController.swift; sourceTree = "<group>"; };
		563CEAC8282ED62E00E250AF /* Base */ = {isa = PBXFileReference; lastKnownFileType = file.storyboard; name = Base; path = Base.lproj/Main.storyboard; sourceTree = "<group>"; };
		563CEACA282ED63100E250AF /* Assets.xcassets */ = {isa = PBXFileReference; lastKnownFileType = folder.assetcatalog; path = Assets.xcassets; sourceTree = "<group>"; };
		563CEACD282ED63100E250AF /* Base */ = {isa = PBXFileReference; lastKnownFileType = file.storyboard; name = Base; path = Base.lproj/LaunchScreen.storyboard; sourceTree = "<group>"; };
		563CEACF282ED63100E250AF /* Info.plist */ = {isa = PBXFileReference; lastKnownFileType = text.plist.xml; path = Info.plist; sourceTree = "<group>"; };
		563CEAD6282F5F1700E250AF /* LogInViewController.swift */ = {isa = PBXFileReference; lastKnownFileType = sourcecode.swift; path = LogInViewController.swift; sourceTree = "<group>"; };
		563CEAD9282F5F4900E250AF /* RegisterViewController.swift */ = {isa = PBXFileReference; lastKnownFileType = sourcecode.swift; path = RegisterViewController.swift; sourceTree = "<group>"; };
		563CEADB282F5F5F00E250AF /* Constants.swift */ = {isa = PBXFileReference; lastKnownFileType = sourcecode.swift; path = Constants.swift; sourceTree = "<group>"; };
		563CEADD282F63BC00E250AF /* TripsTableViewController.swift */ = {isa = PBXFileReference; lastKnownFileType = sourcecode.swift; path = TripsTableViewController.swift; sourceTree = "<group>"; };
		565E745D2834210C00BAB0D0 /* UserCollectionManager.swift */ = {isa = PBXFileReference; lastKnownFileType = sourcecode.swift; path = UserCollectionManager.swift; sourceTree = "<group>"; };
		567742B028353C88003EBBC9 /* ProfileViewController.swift */ = {isa = PBXFileReference; lastKnownFileType = sourcecode.swift; path = ProfileViewController.swift; sourceTree = "<group>"; };
		567742B2283550AA003EBBC9 /* AddTripViewController.swift */ = {isa = PBXFileReference; lastKnownFileType = sourcecode.swift; path = AddTripViewController.swift; sourceTree = "<group>"; };
		567742B4283550C3003EBBC9 /* MyTripTableViewController.swift */ = {isa = PBXFileReference; lastKnownFileType = sourcecode.swift; path = MyTripTableViewController.swift; sourceTree = "<group>"; };
		567742B628359C60003EBBC9 /* TripDetailViewController.swift */ = {isa = PBXFileReference; lastKnownFileType = sourcecode.swift; path = TripDetailViewController.swift; sourceTree = "<group>"; };
		567742B82835D8C0003EBBC9 /* TripDocumentManager.swift */ = {isa = PBXFileReference; lastKnownFileType = sourcecode.swift; path = TripDocumentManager.swift; sourceTree = "<group>"; };
		567742BA2835E955003EBBC9 /* RequestCollectionManager.swift */ = {isa = PBXFileReference; lastKnownFileType = sourcecode.swift; path = RequestCollectionManager.swift; sourceTree = "<group>"; };
		567742BC2835F659003EBBC9 /* RequestTableViewController.swift */ = {isa = PBXFileReference; lastKnownFileType = sourcecode.swift; path = RequestTableViewController.swift; sourceTree = "<group>"; };
/* End PBXFileReference section */

/* Begin PBXFrameworksBuildPhase section */
		563CEABB282ED62E00E250AF /* Frameworks */ = {
			isa = PBXFrameworksBuildPhase;
			buildActionMask = 2147483647;
			files = (
				5623D4C62831EB62006C7B19 /* FirebaseAnalytics in Frameworks */,
				5623D4C82831EB62006C7B19 /* FirebaseAuth in Frameworks */,
				5623D4CD2831F0DA006C7B19 /* SideMenu in Frameworks */,
				5623D4CA2831EB62006C7B19 /* FirebaseFirestore in Frameworks */,
			);
			runOnlyForDeploymentPostprocessing = 0;
		};
/* End PBXFrameworksBuildPhase section */

/* Begin PBXGroup section */
		5632484B28329DFC0057412A /* Models */ = {
			isa = PBXGroup;
			children = (
				5632484C28329E290057412A /* AuthManager.swift */,
				5632484E2832A5D30057412A /* UserDocumentManager.swift */,
				563248502832A9020057412A /* TripsCollectionManager.swift */,
				563248522832AAAE0057412A /* ModelObjects.swift */,
				565E745D2834210C00BAB0D0 /* UserCollectionManager.swift */,
				567742B82835D8C0003EBBC9 /* TripDocumentManager.swift */,
				567742BA2835E955003EBBC9 /* RequestCollectionManager.swift */,
			);
			path = Models;
			sourceTree = "<group>";
		};
		563CEAB5282ED62E00E250AF = {
			isa = PBXGroup;
			children = (
				563CEAC0282ED62E00E250AF /* SharedRide */,
				563CEABF282ED62E00E250AF /* Products */,
			);
			sourceTree = "<group>";
		};
		563CEABF282ED62E00E250AF /* Products */ = {
			isa = PBXGroup;
			children = (
				563CEABE282ED62E00E250AF /* SharedRide.app */,
			);
			name = Products;
			sourceTree = "<group>";
		};
		563CEAC0282ED62E00E250AF /* SharedRide */ = {
			isa = PBXGroup;
			children = (
				5632484B28329DFC0057412A /* Models */,
				563CEAD5282F5E4300E250AF /* ViewControllers */,
				563CEAC1282ED62E00E250AF /* AppDelegate.swift */,
				563CEAC3282ED62E00E250AF /* SceneDelegate.swift */,
				563CEADB282F5F5F00E250AF /* Constants.swift */,
				563CEAC7282ED62E00E250AF /* Main.storyboard */,
				5623D4C22831EA66006C7B19 /* GoogleService-Info.plist */,
				563CEACA282ED63100E250AF /* Assets.xcassets */,
				563CEACC282ED63100E250AF /* LaunchScreen.storyboard */,
				563CEACF282ED63100E250AF /* Info.plist */,
			);
			path = SharedRide;
			sourceTree = "<group>";
		};
		563CEAD5282F5E4300E250AF /* ViewControllers */ = {
			isa = PBXGroup;
			children = (
				563CEAC5282ED62E00E250AF /* WelcomeViewController.swift */,
				563CEAD6282F5F1700E250AF /* LogInViewController.swift */,
				563CEAD9282F5F4900E250AF /* RegisterViewController.swift */,
				563CEADD282F63BC00E250AF /* TripsTableViewController.swift */,
				5623D4CE2831FE59006C7B19 /* TripsSideNavViewController.swift */,
				567742B028353C88003EBBC9 /* ProfileViewController.swift */,
				567742B2283550AA003EBBC9 /* AddTripViewController.swift */,
				567742B4283550C3003EBBC9 /* MyTripTableViewController.swift */,
				567742B628359C60003EBBC9 /* TripDetailViewController.swift */,
				567742BC2835F659003EBBC9 /* RequestTableViewController.swift */,
			);
			path = ViewControllers;
			sourceTree = "<group>";
		};
/* End PBXGroup section */

/* Begin PBXNativeTarget section */
		563CEABD282ED62E00E250AF /* SharedRide */ = {
			isa = PBXNativeTarget;
			buildConfigurationList = 563CEAD2282ED63100E250AF /* Build configuration list for PBXNativeTarget "SharedRide" */;
			buildPhases = (
				563CEABA282ED62E00E250AF /* Sources */,
				563CEABB282ED62E00E250AF /* Frameworks */,
				563CEABC282ED62E00E250AF /* Resources */,
			);
			buildRules = (
			);
			dependencies = (
			);
			name = SharedRide;
			packageProductDependencies = (
				5623D4C52831EB62006C7B19 /* FirebaseAnalytics */,
				5623D4C72831EB62006C7B19 /* FirebaseAuth */,
				5623D4C92831EB62006C7B19 /* FirebaseFirestore */,
				5623D4CC2831F0DA006C7B19 /* SideMenu */,
			);
			productName = SharedRide;
			productReference = 563CEABE282ED62E00E250AF /* SharedRide.app */;
			productType = "com.apple.product-type.application";
		};
/* End PBXNativeTarget section */

/* Begin PBXProject section */
		563CEAB6282ED62E00E250AF /* Project object */ = {
			isa = PBXProject;
			attributes = {
				BuildIndependentTargetsInParallel = 1;
				LastSwiftUpdateCheck = 1320;
				LastUpgradeCheck = 1320;
				TargetAttributes = {
					563CEABD282ED62E00E250AF = {
						CreatedOnToolsVersion = 13.2.1;
					};
				};
			};
			buildConfigurationList = 563CEAB9282ED62E00E250AF /* Build configuration list for PBXProject "SharedRide" */;
			compatibilityVersion = "Xcode 13.0";
			developmentRegion = en;
			hasScannedForEncodings = 0;
			knownRegions = (
				en,
				Base,
			);
			mainGroup = 563CEAB5282ED62E00E250AF;
			packageReferences = (
				5623D4C42831EB62006C7B19 /* XCRemoteSwiftPackageReference "firebase-ios-sdk" */,
				5623D4CB2831F0DA006C7B19 /* XCRemoteSwiftPackageReference "SideMenu" */,
			);
			productRefGroup = 563CEABF282ED62E00E250AF /* Products */;
			projectDirPath = "";
			projectRoot = "";
			targets = (
				563CEABD282ED62E00E250AF /* SharedRide */,
			);
		};
/* End PBXProject section */

/* Begin PBXResourcesBuildPhase section */
		563CEABC282ED62E00E250AF /* Resources */ = {
			isa = PBXResourcesBuildPhase;
			buildActionMask = 2147483647;
			files = (
				563CEACE282ED63100E250AF /* LaunchScreen.storyboard in Resources */,
				563CEACB282ED63100E250AF /* Assets.xcassets in Resources */,
				563CEAC9282ED62E00E250AF /* Main.storyboard in Resources */,
				5623D4C32831EA66006C7B19 /* GoogleService-Info.plist in Resources */,
			);
			runOnlyForDeploymentPostprocessing = 0;
		};
/* End PBXResourcesBuildPhase section */

/* Begin PBXSourcesBuildPhase section */
		563CEABA282ED62E00E250AF /* Sources */ = {
			isa = PBXSourcesBuildPhase;
			buildActionMask = 2147483647;
			files = (
				565E745E2834210C00BAB0D0 /* UserCollectionManager.swift in Sources */,
				563248532832AAAE0057412A /* ModelObjects.swift in Sources */,
				567742BD2835F659003EBBC9 /* RequestTableViewController.swift in Sources */,
				563248512832A9020057412A /* TripsCollectionManager.swift in Sources */,
				567742B92835D8C0003EBBC9 /* TripDocumentManager.swift in Sources */,
				563CEAD7282F5F1700E250AF /* LogInViewController.swift in Sources */,
				567742B128353C88003EBBC9 /* ProfileViewController.swift in Sources */,
				567742B3283550AA003EBBC9 /* AddTripViewController.swift in Sources */,
				567742B5283550C3003EBBC9 /* MyTripTableViewController.swift in Sources */,
				5632484D28329E290057412A /* AuthManager.swift in Sources */,
				563CEADA282F5F4900E250AF /* RegisterViewController.swift in Sources */,
				563CEAC6282ED62E00E250AF /* WelcomeViewController.swift in Sources */,
				567742BB2835E955003EBBC9 /* RequestCollectionManager.swift in Sources */,
				567742B728359C60003EBBC9 /* TripDetailViewController.swift in Sources */,
				563CEAC2282ED62E00E250AF /* AppDelegate.swift in Sources */,
				5623D4CF2831FE59006C7B19 /* TripsSideNavViewController.swift in Sources */,
				563CEAC4282ED62E00E250AF /* SceneDelegate.swift in Sources */,
				5632484F2832A5D30057412A /* UserDocumentManager.swift in Sources */,
				563CEADC282F5F5F00E250AF /* Constants.swift in Sources */,
				563CEADE282F63BC00E250AF /* TripsTableViewController.swift in Sources */,
			);
			runOnlyForDeploymentPostprocessing = 0;
		};
/* End PBXSourcesBuildPhase section */

/* Begin PBXVariantGroup section */
		563CEAC7282ED62E00E250AF /* Main.storyboard */ = {
			isa = PBXVariantGroup;
			children = (
				563CEAC8282ED62E00E250AF /* Base */,
			);
			name = Main.storyboard;
			sourceTree = "<group>";
		};
		563CEACC282ED63100E250AF /* LaunchScreen.storyboard */ = {
			isa = PBXVariantGroup;
			children = (
				563CEACD282ED63100E250AF /* Base */,
			);
			name = LaunchScreen.storyboard;
			sourceTree = "<group>";
		};
/* End PBXVariantGroup section */

/* Begin XCBuildConfiguration section */
		563CEAD0282ED63100E250AF /* Debug */ = {
			isa = XCBuildConfiguration;
			buildSettings = {
				ALWAYS_SEARCH_USER_PATHS = NO;
				CLANG_ANALYZER_NONNULL = YES;
				CLANG_ANALYZER_NUMBER_OBJECT_CONVERSION = YES_AGGRESSIVE;
				CLANG_CXX_LANGUAGE_STANDARD = "gnu++17";
				CLANG_CXX_LIBRARY = "libc++";
				CLANG_ENABLE_MODULES = YES;
				CLANG_ENABLE_OBJC_ARC = YES;
				CLANG_ENABLE_OBJC_WEAK = YES;
				CLANG_WARN_BLOCK_CAPTURE_AUTORELEASING = YES;
				CLANG_WARN_BOOL_CONVERSION = YES;
				CLANG_WARN_COMMA = YES;
				CLANG_WARN_CONSTANT_CONVERSION = YES;
				CLANG_WARN_DEPRECATED_OBJC_IMPLEMENTATIONS = YES;
				CLANG_WARN_DIRECT_OBJC_ISA_USAGE = YES_ERROR;
				CLANG_WARN_DOCUMENTATION_COMMENTS = YES;
				CLANG_WARN_EMPTY_BODY = YES;
				CLANG_WARN_ENUM_CONVERSION = YES;
				CLANG_WARN_INFINITE_RECURSION = YES;
				CLANG_WARN_INT_CONVERSION = YES;
				CLANG_WARN_NON_LITERAL_NULL_CONVERSION = YES;
				CLANG_WARN_OBJC_IMPLICIT_RETAIN_SELF = YES;
				CLANG_WARN_OBJC_LITERAL_CONVERSION = YES;
				CLANG_WARN_OBJC_ROOT_CLASS = YES_ERROR;
				CLANG_WARN_QUOTED_INCLUDE_IN_FRAMEWORK_HEADER = YES;
				CLANG_WARN_RANGE_LOOP_ANALYSIS = YES;
				CLANG_WARN_STRICT_PROTOTYPES = YES;
				CLANG_WARN_SUSPICIOUS_MOVE = YES;
				CLANG_WARN_UNGUARDED_AVAILABILITY = YES_AGGRESSIVE;
				CLANG_WARN_UNREACHABLE_CODE = YES;
				CLANG_WARN__DUPLICATE_METHOD_MATCH = YES;
				COPY_PHASE_STRIP = NO;
				DEBUG_INFORMATION_FORMAT = dwarf;
				ENABLE_STRICT_OBJC_MSGSEND = YES;
				ENABLE_TESTABILITY = YES;
				GCC_C_LANGUAGE_STANDARD = gnu11;
				GCC_DYNAMIC_NO_PIC = NO;
				GCC_NO_COMMON_BLOCKS = YES;
				GCC_OPTIMIZATION_LEVEL = 0;
				GCC_PREPROCESSOR_DEFINITIONS = (
					"DEBUG=1",
					"$(inherited)",
				);
				GCC_WARN_64_TO_32_BIT_CONVERSION = YES;
				GCC_WARN_ABOUT_RETURN_TYPE = YES_ERROR;
				GCC_WARN_UNDECLARED_SELECTOR = YES;
				GCC_WARN_UNINITIALIZED_AUTOS = YES_AGGRESSIVE;
				GCC_WARN_UNUSED_FUNCTION = YES;
				GCC_WARN_UNUSED_VARIABLE = YES;
				IPHONEOS_DEPLOYMENT_TARGET = 15.2;
				MTL_ENABLE_DEBUG_INFO = INCLUDE_SOURCE;
				MTL_FAST_MATH = YES;
				ONLY_ACTIVE_ARCH = YES;
				SDKROOT = iphoneos;
				SWIFT_ACTIVE_COMPILATION_CONDITIONS = DEBUG;
				SWIFT_OPTIMIZATION_LEVEL = "-Onone";
			};
			name = Debug;
		};
		563CEAD1282ED63100E250AF /* Release */ = {
			isa = XCBuildConfiguration;
			buildSettings = {
				ALWAYS_SEARCH_USER_PATHS = NO;
				CLANG_ANALYZER_NONNULL = YES;
				CLANG_ANALYZER_NUMBER_OBJECT_CONVERSION = YES_AGGRESSIVE;
				CLANG_CXX_LANGUAGE_STANDARD = "gnu++17";
				CLANG_CXX_LIBRARY = "libc++";
				CLANG_ENABLE_MODULES = YES;
				CLANG_ENABLE_OBJC_ARC = YES;
				CLANG_ENABLE_OBJC_WEAK = YES;
				CLANG_WARN_BLOCK_CAPTURE_AUTORELEASING = YES;
				CLANG_WARN_BOOL_CONVERSION = YES;
				CLANG_WARN_COMMA = YES;
				CLANG_WARN_CONSTANT_CONVERSION = YES;
				CLANG_WARN_DEPRECATED_OBJC_IMPLEMENTATIONS = YES;
				CLANG_WARN_DIRECT_OBJC_ISA_USAGE = YES_ERROR;
				CLANG_WARN_DOCUMENTATION_COMMENTS = YES;
				CLANG_WARN_EMPTY_BODY = YES;
				CLANG_WARN_ENUM_CONVERSION = YES;
				CLANG_WARN_INFINITE_RECURSION = YES;
				CLANG_WARN_INT_CONVERSION = YES;
				CLANG_WARN_NON_LITERAL_NULL_CONVERSION = YES;
				CLANG_WARN_OBJC_IMPLICIT_RETAIN_SELF = YES;
				CLANG_WARN_OBJC_LITERAL_CONVERSION = YES;
				CLANG_WARN_OBJC_ROOT_CLASS = YES_ERROR;
				CLANG_WARN_QUOTED_INCLUDE_IN_FRAMEWORK_HEADER = YES;
				CLANG_WARN_RANGE_LOOP_ANALYSIS = YES;
				CLANG_WARN_STRICT_PROTOTYPES = YES;
				CLANG_WARN_SUSPICIOUS_MOVE = YES;
				CLANG_WARN_UNGUARDED_AVAILABILITY = YES_AGGRESSIVE;
				CLANG_WARN_UNREACHABLE_CODE = YES;
				CLANG_WARN__DUPLICATE_METHOD_MATCH = YES;
				COPY_PHASE_STRIP = NO;
				DEBUG_INFORMATION_FORMAT = "dwarf-with-dsym";
				ENABLE_NS_ASSERTIONS = NO;
				ENABLE_STRICT_OBJC_MSGSEND = YES;
				GCC_C_LANGUAGE_STANDARD = gnu11;
				GCC_NO_COMMON_BLOCKS = YES;
				GCC_WARN_64_TO_32_BIT_CONVERSION = YES;
				GCC_WARN_ABOUT_RETURN_TYPE = YES_ERROR;
				GCC_WARN_UNDECLARED_SELECTOR = YES;
				GCC_WARN_UNINITIALIZED_AUTOS = YES_AGGRESSIVE;
				GCC_WARN_UNUSED_FUNCTION = YES;
				GCC_WARN_UNUSED_VARIABLE = YES;
				IPHONEOS_DEPLOYMENT_TARGET = 15.2;
				MTL_ENABLE_DEBUG_INFO = NO;
				MTL_FAST_MATH = YES;
				SDKROOT = iphoneos;
				SWIFT_COMPILATION_MODE = wholemodule;
				SWIFT_OPTIMIZATION_LEVEL = "-O";
				VALIDATE_PRODUCT = YES;
			};
			name = Release;
		};
		563CEAD3282ED63100E250AF /* Debug */ = {
			isa = XCBuildConfiguration;
			buildSettings = {
				ASSETCATALOG_COMPILER_APPICON_NAME = AppIcon;
				ASSETCATALOG_COMPILER_GLOBAL_ACCENT_COLOR_NAME = AccentColor;
				CODE_SIGN_STYLE = Automatic;
				CURRENT_PROJECT_VERSION = 1;
				DEVELOPMENT_TEAM = 6N3L2R844D;
				GENERATE_INFOPLIST_FILE = YES;
				INFOPLIST_FILE = SharedRide/Info.plist;
				INFOPLIST_KEY_UIApplicationSupportsIndirectInputEvents = YES;
				INFOPLIST_KEY_UILaunchStoryboardName = LaunchScreen;
				INFOPLIST_KEY_UIMainStoryboardFile = Main;
				INFOPLIST_KEY_UISupportedInterfaceOrientations_iPad = "UIInterfaceOrientationPortrait UIInterfaceOrientationPortraitUpsideDown UIInterfaceOrientationLandscapeLeft UIInterfaceOrientationLandscapeRight";
				INFOPLIST_KEY_UISupportedInterfaceOrientations_iPhone = "UIInterfaceOrientationPortrait UIInterfaceOrientationLandscapeLeft UIInterfaceOrientationLandscapeRight";
				LD_RUNPATH_SEARCH_PATHS = (
					"$(inherited)",
					"@executable_path/Frameworks",
				);
				MARKETING_VERSION = 1.0;
				PRODUCT_BUNDLE_IDENTIFIER = edu.rosehulman.zhangy35.SharedRide;
				PRODUCT_NAME = "$(TARGET_NAME)";
				SWIFT_EMIT_LOC_STRINGS = YES;
				SWIFT_VERSION = 5.0;
				TARGETED_DEVICE_FAMILY = "1,2";
			};
			name = Debug;
		};
		563CEAD4282ED63100E250AF /* Release */ = {
			isa = XCBuildConfiguration;
			buildSettings = {
				ASSETCATALOG_COMPILER_APPICON_NAME = AppIcon;
				ASSETCATALOG_COMPILER_GLOBAL_ACCENT_COLOR_NAME = AccentColor;
				CODE_SIGN_STYLE = Automatic;
				CURRENT_PROJECT_VERSION = 1;
				DEVELOPMENT_TEAM = 6N3L2R844D;
				GENERATE_INFOPLIST_FILE = YES;
				INFOPLIST_FILE = SharedRide/Info.plist;
				INFOPLIST_KEY_UIApplicationSupportsIndirectInputEvents = YES;
				INFOPLIST_KEY_UILaunchStoryboardName = LaunchScreen;
				INFOPLIST_KEY_UIMainStoryboardFile = Main;
				INFOPLIST_KEY_UISupportedInterfaceOrientations_iPad = "UIInterfaceOrientationPortrait UIInterfaceOrientationPortraitUpsideDown UIInterfaceOrientationLandscapeLeft UIInterfaceOrientationLandscapeRight";
				INFOPLIST_KEY_UISupportedInterfaceOrientations_iPhone = "UIInterfaceOrientationPortrait UIInterfaceOrientationLandscapeLeft UIInterfaceOrientationLandscapeRight";
				LD_RUNPATH_SEARCH_PATHS = (
					"$(inherited)",
					"@executable_path/Frameworks",
				);
				MARKETING_VERSION = 1.0;
				PRODUCT_BUNDLE_IDENTIFIER = edu.rosehulman.zhangy35.SharedRide;
				PRODUCT_NAME = "$(TARGET_NAME)";
				SWIFT_EMIT_LOC_STRINGS = YES;
				SWIFT_VERSION = 5.0;
				TARGETED_DEVICE_FAMILY = "1,2";
			};
			name = Release;
		};
/* End XCBuildConfiguration section */

/* Begin XCConfigurationList section */
		563CEAB9282ED62E00E250AF /* Build configuration list for PBXProject "SharedRide" */ = {
			isa = XCConfigurationList;
			buildConfigurations = (
				563CEAD0282ED63100E250AF /* Debug */,
				563CEAD1282ED63100E250AF /* Release */,
			);
			defaultConfigurationIsVisible = 0;
			defaultConfigurationName = Release;
		};
		563CEAD2282ED63100E250AF /* Build configuration list for PBXNativeTarget "SharedRide" */ = {
			isa = XCConfigurationList;
			buildConfigurations = (
				563CEAD3282ED63100E250AF /* Debug */,
				563CEAD4282ED63100E250AF /* Release */,
			);
			defaultConfigurationIsVisible = 0;
			defaultConfigurationName = Release;
		};
/* End XCConfigurationList section */

/* Begin XCRemoteSwiftPackageReference section */
		5623D4C42831EB62006C7B19 /* XCRemoteSwiftPackageReference "firebase-ios-sdk" */ = {
			isa = XCRemoteSwiftPackageReference;
			repositoryURL = "https://github.com/firebase/firebase-ios-sdk.git";
			requirement = {
				kind = upToNextMajorVersion;
				minimumVersion = 9.0.0;
			};
		};
		5623D4CB2831F0DA006C7B19 /* XCRemoteSwiftPackageReference "SideMenu" */ = {
			isa = XCRemoteSwiftPackageReference;
			repositoryURL = "https://github.com/jonkykong/SideMenu.git";
			requirement = {
				branch = master;
				kind = branch;
			};
		};
/* End XCRemoteSwiftPackageReference section */

/* Begin XCSwiftPackageProductDependency section */
		5623D4C52831EB62006C7B19 /* FirebaseAnalytics */ = {
			isa = XCSwiftPackageProductDependency;
			package = 5623D4C42831EB62006C7B19 /* XCRemoteSwiftPackageReference "firebase-ios-sdk" */;
			productName = FirebaseAnalytics;
		};
		5623D4C72831EB62006C7B19 /* FirebaseAuth */ = {
			isa = XCSwiftPackageProductDependency;
			package = 5623D4C42831EB62006C7B19 /* XCRemoteSwiftPackageReference "firebase-ios-sdk" */;
			productName = FirebaseAuth;
		};
		5623D4C92831EB62006C7B19 /* FirebaseFirestore */ = {
			isa = XCSwiftPackageProductDependency;
			package = 5623D4C42831EB62006C7B19 /* XCRemoteSwiftPackageReference "firebase-ios-sdk" */;
			productName = FirebaseFirestore;
		};
		5623D4CC2831F0DA006C7B19 /* SideMenu */ = {
			isa = XCSwiftPackageProductDependency;
			package = 5623D4CB2831F0DA006C7B19 /* XCRemoteSwiftPackageReference "SideMenu" */;
			productName = SideMenu;
		};
/* End XCSwiftPackageProductDependency section */
	};
	rootObject = 563CEAB6282ED62E00E250AF /* Project object */;
}
